<?xml version="1.0" encoding="utf-8"?>
<Project ToolsVersion="4.0" xmlns="http://schemas.microsoft.com/developer/msbuild/2003">
  <ItemGroup>
    <Filter Include="Source Files">
      <UniqueIdentifier>{4FC737F1-C7A5-4376-A066-2A32D752A2FF}</UniqueIdentifier>
      <Extensions>cpp;c;cc;cxx;c++;cppm;ixx;def;odl;idl;hpj;bat;asm;asmx</Extensions>
    </Filter>
    <Filter Include="Header Files">
      <UniqueIdentifier>{93995380-89BD-4b04-88EB-625FBE52EBFB}</UniqueIdentifier>
      <Extensions>h;hh;hpp;hxx;h++;hm;inl;inc;ipp;xsd</Extensions>
    </Filter>
    <Filter Include="Resource Files">
      <UniqueIdentifier>{67DA6AB6-F800-4c08-8B7A-83BB121AAD01}</UniqueIdentifier>
      <Extensions>rc;ico;cur;bmp;dlg;rc2;rct;bin;rgs;gif;jpg;jpeg;jpe;resx;tiff;tif;png;wav;mfcribbon-ms</Extensions>
    </Filter>
    <Filter Include="States">
      <UniqueIdentifier>{c1b7bd2a-e626-4e60-8043-baa69d6d4de5}</UniqueIdentifier>
    </Filter>
    <Filter Include="Entities">
      <UniqueIdentifier>{9f5c9ce8-2f19-437e-8e0d-35621f526960}</UniqueIdentifier>
    </Filter>
    <Filter Include="Components">
      <UniqueIdentifier>{407abbec-19b4-42ac-9ab1-fcf61d8daa15}</UniqueIdentifier>
    </Filter>
    <Filter Include="Tile">
      <UniqueIdentifier>{2b027f10-8677-4293-a814-5e1cda080969}</UniqueIdentifier>
    </Filter>
    <Filter Include="GUI">
      <UniqueIdentifier>{6ef6ed6b-2bb1-4827-b728-2158efd0791f}</UniqueIdentifier>
    </Filter>
    <Filter Include="Map">
      <UniqueIdentifier>{bd926949-ef75-44e9-aa1d-4733c38d8e64}</UniqueIdentifier>
    </Filter>
  </ItemGroup>
  <ItemGroup>
    <ClCompile Include="main.cpp">
      <Filter>Source Files</Filter>
    </ClCompile>
    <ClCompile Include="Game.cpp">
      <Filter>Source Files</Filter>
    </ClCompile>
    <ClCompile Include="State.cpp">
      <Filter>States</Filter>
    </ClCompile>
    <ClCompile Include="MainMenuState.cpp">
      <Filter>States</Filter>
    </ClCompile>
    <ClCompile Include="GameState.cpp">
      <Filter>States</Filter>
    </ClCompile>
    <ClCompile Include="Entity.cpp">
      <Filter>Entities</Filter>
    </ClCompile>
    <ClCompile Include="MovementComponent.cpp">
      <Filter>Components</Filter>
    </ClCompile>
    <ClCompile Include="EditorState.cpp">
      <Filter>States</Filter>
    </ClCompile>
    <ClCompile Include="HitboxComponent.cpp">
      <Filter>Components</Filter>
    </ClCompile>
    <ClCompile Include="AnimationComponent.cpp">
      <Filter>Components</Filter>
    </ClCompile>
    <ClCompile Include="Tile.cpp">
      <Filter>Tile</Filter>
    </ClCompile>
    <ClCompile Include="PauseMenu.cpp">
      <Filter>GUI</Filter>
    </ClCompile>
    <ClCompile Include="SettingsState.cpp">
      <Filter>States</Filter>
    </ClCompile>
    <ClCompile Include="Gui.cpp">
      <Filter>Source Files</Filter>
    </ClCompile>
    <ClCompile Include="Tilemap.cpp">
      <Filter>Map</Filter>
    </ClCompile>
    <ClCompile Include="stdafx.cpp">
      <Filter>Header Files</Filter>
    </ClCompile>
    <ClCompile Include="Player.cpp">
      <Filter>Entities</Filter>
    </ClCompile>
    <ClCompile Include="GraphicsSettings.cpp">
      <Filter>Source Files</Filter>
    </ClCompile>
  </ItemGroup>
  <ItemGroup>
    <ClInclude Include="Game.h">
      <Filter>Header Files</Filter>
    </ClInclude>
    <ClInclude Include="State.h">
      <Filter>States</Filter>
    </ClInclude>
    <ClInclude Include="MainMenuState.h">
      <Filter>States</Filter>
    </ClInclude>
    <ClInclude Include="GameState.h">
      <Filter>States</Filter>
    </ClInclude>
    <ClInclude Include="Entity.h">
      <Filter>Entities</Filter>
    </ClInclude>
    <ClInclude Include="MovementComponent.h">
      <Filter>Components</Filter>
    </ClInclude>
    <ClInclude Include="EditorState.h">
      <Filter>States</Filter>
    </ClInclude>
    <ClInclude Include="AnimationComponent.h">
      <Filter>Components</Filter>
    </ClInclude>
    <ClInclude Include="HitboxComponent.h">
      <Filter>Components</Filter>
    </ClInclude>
    <ClInclude Include="Tile.h">
      <Filter>Tile</Filter>
    </ClInclude>
    <ClInclude Include="PauseMenu.h">
      <Filter>GUI</Filter>
    </ClInclude>
    <ClInclude Include="SettingsState.h">
      <Filter>States</Filter>
    </ClInclude>
    <ClInclude Include="Gui.h">
      <Filter>Header Files</Filter>
    </ClInclude>
    <ClInclude Include="Tilemap.h">
      <Filter>Map</Filter>
    </ClInclude>
    <ClInclude Include="stdafx.h">
      <Filter>Header Files</Filter>
    </ClInclude>
    <ClInclude Include="Player.h">
      <Filter>Entities</Filter>
    </ClInclude>
    <ClInclude Include="GraphicsSettings.h">
      <Filter>Header Files</Filter>
    </ClInclude>
  </ItemGroup>
</Project>